{
  "nodes": {
    "firefox-addons": {
      "inputs": {
        "flake-utils": "flake-utils",
        "nixpkgs": "nixpkgs"
      },
      "locked": {
        "dir": "pkgs/firefox-addons",
        "lastModified": 1633159998,
        "narHash": "sha256-heXcVuBxKPT1CuFAL5LT6sC5WolIZ2yKE8DyIUpeIgA=",
        "owner": "rycee",
        "repo": "nur-expressions",
        "rev": "89360033332810ba56f523c6b4ebc568e3cc97f4",
        "type": "gitlab"
      },
      "original": {
        "dir": "pkgs/firefox-addons",
        "owner": "rycee",
        "repo": "nur-expressions",
        "type": "gitlab"
      }
    },
    "flake-utils": {
      "locked": {
        "lastModified": 1629284811,
        "narHash": "sha256-JHgasjPR0/J1J3DRm4KxM4zTyAj4IOJY8vIl75v/kPI=",
        "owner": "numtide",
        "repo": "flake-utils",
        "rev": "c5d161cc0af116a2e17f54316f0bf43f0819785c",
        "type": "github"
      },
      "original": {
        "owner": "numtide",
        "repo": "flake-utils",
        "type": "github"
      }
    },
    "hardware": {
      "locked": {
        "lastModified": 1632990363,
        "narHash": "sha256-SNqz+9Vt4yDHqw8u/CMFdzMQTulKoMlVGJdshfcb5O0=",
        "owner": "NixOS",
        "repo": "nixos-hardware",
        "rev": "0a8b8054c9920368a3c15e6d766188fdf04b736f",
        "type": "github"
      },
      "original": {
        "owner": "NixOS",
        "repo": "nixos-hardware",
        "type": "github"
      }
    },
    "home": {
      "inputs": {
        "nixpkgs": "nixpkgs_2"
      },
      "locked": {
        "lastModified": 1633097142,
        "narHash": "sha256-4fV9GkWyWw28/DBoIZBhbvoCSuzZQtcJFe5wxEpGLsI=",
        "owner": "nix-community",
        "repo": "home-manager",
        "rev": "d5151186aca3d706be73b02f47cff574cb91c641",
        "type": "github"
      },
      "original": {
        "owner": "nix-community",
        "repo": "home-manager",
        "type": "github"
      }
    },
    "inept-epub": {
      "inputs": {
        "nixpkgs": [
          "knock",
          "nixpkgs"
        ]
      },
      "locked": {
        "lastModified": 1627256311,
        "narHash": "sha256-NEDsexz3lNmaLm6nSHURsmgNX592b3fcNR2fzEuk3U0=",
        "owner": "BentonEdmondson",
        "repo": "inept-epub",
        "rev": "b992adc8be351c00673a032df10552d7bc577290",
        "type": "github"
      },
      "original": {
        "owner": "BentonEdmondson",
        "repo": "inept-epub",
        "type": "github"
      }
    },
    "knock": {
      "inputs": {
        "inept-epub": "inept-epub",
        "libgourou-utils": "libgourou-utils",
        "nixpkgs": "nixpkgs_3"
      },
      "locked": {
        "lastModified": 1631721791,
        "narHash": "sha256-WDeBz0aORo3e8kFFfkWvD1jvD3pnUR1Zr4Ig6LY/w+k=",
        "owner": "BentonEdmondson",
        "repo": "knock",
        "rev": "6afb46cad33a0f846d7d7dffaba11be12882b13f",
        "type": "github"
      },
      "original": {
        "owner": "BentonEdmondson",
        "repo": "knock",
        "type": "github"
      }
    },
    "libgourou-utils": {
      "inputs": {
        "nixpkgs": [
          "knock",
          "nixpkgs"
        ]
      },
      "locked": {
        "lastModified": 1627508403,
        "narHash": "sha256-JHOxPSJSaS+0NTUkNv6a9oI8g30pBuCDC+JwtZBaq3U=",
        "owner": "BentonEdmondson",
        "repo": "libgourou-utils",
        "rev": "f16d3df200134209a1e2e530db056b3cd715425d",
        "type": "github"
      },
      "original": {
        "owner": "BentonEdmondson",
        "repo": "libgourou-utils",
        "type": "github"
      }
    },
    "nixpkgs": {
      "locked": {
        "lastModified": 1627814220,
        "narHash": "sha256-P+MDgdZw2CBk9X1ZZaUgHgN+32pTfLFf3XVIBOXirI4=",
        "owner": "nixos",
        "repo": "nixpkgs",
        "rev": "ab5b6828af26215bf2646c31961da5d3749591ef",
        "type": "github"
      },
      "original": {
        "owner": "nixos",
        "ref": "nixpkgs-unstable",
        "repo": "nixpkgs",
        "type": "github"
      }
    },
    "nixpkgs_2": {
      "locked": {
        "lastModified": 1633204467,
        "narHash": "sha256-wm8XlUZZrvBcnPjUZl4GsRHbuXuOs5WdPS+NkilmsYM=",
        "owner": "NixOS",
        "repo": "nixpkgs",
        "rev": "18e178040a8c3278da222ff9f8f15b9d44f0e569",
        "type": "github"
      },
      "original": {
        "id": "nixpkgs",
        "type": "indirect"
      }
    },
    "nixpkgs_3": {
      "locked": {
        "lastModified": 1627128856,
        "narHash": "sha256-yw3lA8zyNFhj309lmxvNByEEymRT1rRy5oE+jEPnsP4=",
        "owner": "NixOS",
        "repo": "nixpkgs",
        "rev": "dd14e5d78e90a2ccd6007e569820de9b4861a6c2",
        "type": "github"
      },
      "original": {
        "owner": "NixOS",
        "ref": "nixos-unstable",
        "repo": "nixpkgs",
        "type": "github"
      }
    },
    "nixpkgs_4": {
      "locked": {
        "lastModified": 1633080050,
        "narHash": "sha256-T9I2WnlUzAIL70dk9V1jqaYk3nypy/cMkWR19S47ZHc=",
        "owner": "NixOS",
        "repo": "nixpkgs",
        "rev": "82155ff501c7622cb2336646bb62f7624261f6d7",
        "type": "github"
      },
      "original": {
        "owner": "NixOS",
        "ref": "nixos-unstable",
        "repo": "nixpkgs",
        "type": "github"
      }
    },
    "root": {
      "inputs": {
        "firefox-addons": "firefox-addons",
        "hardware": "hardware",
        "home": "home",
        "knock": "knock",
        "nixpkgs": "nixpkgs_4"
      }
    }
  },
  "root": "root",
  "version": 7
}
