{
  "nodes": {
    "firefox-addons": {
      "inputs": {
        "nixpkgs": [
          "nixpkgs"
        ]
      },
      "locked": {
        "dir": "pkgs/firefox-addons",
        "lastModified": 1627864860,
        "narHash": "sha256-nWxFcLC32fdoY3zvRO/uUiKBwu4G9bAkFdplIob+5JI=",
        "owner": "BentonEdmondson",
        "repo": "rycee-nur-expressions",
        "rev": "af25a2d4c1106aececf07ec3d697e72ef14b045d",
        "type": "gitlab"
      },
      "original": {
        "dir": "pkgs/firefox-addons",
        "owner": "BentonEdmondson",
        "repo": "rycee-nur-expressions",
        "type": "gitlab"
      }
    },
    "hardware": {
      "locked": {
        "lastModified": 1627929269,
        "narHash": "sha256-UsSYn85KLs5FqN5ot1K7QCeWjxklgoDaCu8NqQDZ3M8=",
        "owner": "devins2518",
        "repo": "nixos-hardware",
        "rev": "c8cbe529536e10249cfc020c546803bd46ea7807",
        "type": "github"
      },
      "original": {
        "owner": "devins2518",
        "repo": "nixos-hardware",
        "type": "github"
      }
    },
    "home": {
      "inputs": {
        "nixpkgs": [
          "nixpkgs"
        ]
      },
      "locked": {
        "lastModified": 1627592512,
        "narHash": "sha256-+bauwACGl+/dTQB047XImRz5P6Lp6vxl5ruiKjtENxo=",
        "owner": "nix-community",
        "repo": "home-manager",
        "rev": "7f976da06840c268cc291a021bab7532b923713c",
        "type": "github"
      },
      "original": {
        "owner": "nix-community",
        "repo": "home-manager",
        "type": "github"
      }
    },
    "inept-epub": {
      "inputs": {
        "nixpkgs": [
          "nixpkgs"
        ]
      },
      "locked": {
        "lastModified": 1627256311,
        "narHash": "sha256-NEDsexz3lNmaLm6nSHURsmgNX592b3fcNR2fzEuk3U0=",
        "owner": "BentonEdmondson",
        "repo": "inept-epub",
        "rev": "b992adc8be351c00673a032df10552d7bc577290",
        "type": "github"
      },
      "original": {
        "owner": "BentonEdmondson",
        "repo": "inept-epub",
        "type": "github"
      }
    },
    "knock": {
      "inputs": {
        "inept-epub": "inept-epub",
        "libgourou-utils": "libgourou-utils",
        "nixpkgs": [
          "nixpkgs"
        ]
      },
      "locked": {
        "lastModified": 1627937008,
        "narHash": "sha256-NEV76NHvWtaEQdUFt/kgo9gxk6o9HNQNSi0H8KG6g90=",
        "owner": "BentonEdmondson",
        "repo": "knock",
        "rev": "7f682b82d5e08ca95d52a3cce6deba1f13431802",
        "type": "github"
      },
      "original": {
        "owner": "BentonEdmondson",
        "repo": "knock",
        "type": "github"
      }
    },
    "libgourou-utils": {
      "inputs": {
        "nixpkgs": [
          "nixpkgs"
        ]
      },
      "locked": {
        "lastModified": 1627508403,
        "narHash": "sha256-JHOxPSJSaS+0NTUkNv6a9oI8g30pBuCDC+JwtZBaq3U=",
        "owner": "BentonEdmondson",
        "repo": "libgourou-utils",
        "rev": "f16d3df200134209a1e2e530db056b3cd715425d",
        "type": "github"
      },
      "original": {
        "owner": "BentonEdmondson",
        "repo": "libgourou-utils",
        "type": "github"
      }
    },
    "nixpkgs": {
      "locked": {
        "lastModified": 1627391865,
        "narHash": "sha256-tPoWBO9Nzu3wuX37WcnctzL6LoDCErJLnfLGqqmXCm4=",
        "owner": "nixos",
        "repo": "nixpkgs",
        "rev": "8ecc61c91a596df7d3293603a9c2384190c1b89a",
        "type": "github"
      },
      "original": {
        "owner": "nixos",
        "ref": "nixos-unstable",
        "repo": "nixpkgs",
        "type": "github"
      }
    },
    "root": {
      "inputs": {
        "firefox-addons": "firefox-addons",
        "hardware": "hardware",
        "home": "home",
        "knock": "knock",
        "nixpkgs": "nixpkgs"
      }
    }
  },
  "root": "root",
  "version": 7
}
